
Microsoft Visual Studio Solution File, Format Version 12.00
# Visual Studio Version 17
VisualStudioVersion = 17.0.32112.339
MinimumVisualStudioVersion = 10.0.40219.1
Project("{9A19103F-16F7-4668-BE54-9A1E7A4F7556}") = "ExplorerEx", "ExplorerEx\ExplorerEx.csproj", "{EA7EA5A3-452E-40D2-9C00-8BF9F82EADDC}"
EndProject
Project("{9A19103F-16F7-4668-BE54-9A1E7A4F7556}") = "HandyControl", "External\HandyControl\HandyControl.csproj", "{BD0EEA59-836D-4C13-A6F1-207224630962}"
EndProject
Project("{9A19103F-16F7-4668-BE54-9A1E7A4F7556}") = "VirtualizingWrapPanel", "External\VirtualizingWrapPanel\VirtualizingWrapPanel.csproj", "{6811A028-ADA8-44B9-BFE8-D268BB2447AA}"
EndProject
Project("{9A19103F-16F7-4668-BE54-9A1E7A4F7556}") = "SharpSvgImage", "External\SVGImage\SharpSvgImage.csproj", "{60FE8AA1-AA35-4D97-833C-A2D420E652C5}"
EndProject
Global
	GlobalSection(SolutionConfigurationPlatforms) = preSolution
		Debug|Any CPU = Debug|Any CPU
		Debug|x64 = Debug|x64
		Release|Any CPU = Release|Any CPU
		Release|x64 = Release|x64
	EndGlobalSection
	GlobalSection(ProjectConfigurationPlatforms) = postSolution
		{EA7EA5A3-452E-40D2-9C00-8BF9F82EADDC}.Debug|Any CPU.ActiveCfg = Debug|x64
		{EA7EA5A3-452E-40D2-9C00-8BF9F82EADDC}.Debug|Any CPU.Build.0 = Debug|x64
		{EA7EA5A3-452E-40D2-9C00-8BF9F82EADDC}.Debug|x64.ActiveCfg = Debug|x64
		{EA7EA5A3-452E-40D2-9C00-8BF9F82EADDC}.Debug|x64.Build.0 = Debug|x64
		{EA7EA5A3-452E-40D2-9C00-8BF9F82EADDC}.Release|Any CPU.ActiveCfg = Release|x64
		{EA7EA5A3-452E-40D2-9C00-8BF9F82EADDC}.Release|Any CPU.Build.0 = Release|x64
		{EA7EA5A3-452E-40D2-9C00-8BF9F82EADDC}.Release|x64.ActiveCfg = Release|x64
		{EA7EA5A3-452E-40D2-9C00-8BF9F82EADDC}.Release|x64.Build.0 = Release|x64
		{BD0EEA59-836D-4C13-A6F1-207224630962}.Debug|Any CPU.ActiveCfg = Debug|x64
		{BD0EEA59-836D-4C13-A6F1-207224630962}.Debug|Any CPU.Build.0 = Debug|x64
		{BD0EEA59-836D-4C13-A6F1-207224630962}.Debug|x64.ActiveCfg = Debug|x64
		{BD0EEA59-836D-4C13-A6F1-207224630962}.Debug|x64.Build.0 = Debug|x64
		{BD0EEA59-836D-4C13-A6F1-207224630962}.Release|Any CPU.ActiveCfg = Release|x64
		{BD0EEA59-836D-4C13-A6F1-207224630962}.Release|Any CPU.Build.0 = Release|x64
		{BD0EEA59-836D-4C13-A6F1-207224630962}.Release|x64.ActiveCfg = Release|x64
		{BD0EEA59-836D-4C13-A6F1-207224630962}.Release|x64.Build.0 = Release|x64
		{6811A028-ADA8-44B9-BFE8-D268BB2447AA}.Debug|Any CPU.ActiveCfg = Debug|Any CPU
		{6811A028-ADA8-44B9-BFE8-D268BB2447AA}.Debug|Any CPU.Build.0 = Debug|Any CPU
		{6811A028-ADA8-44B9-BFE8-D268BB2447AA}.Debug|x64.ActiveCfg = Debug|x64
		{6811A028-ADA8-44B9-BFE8-D268BB2447AA}.Debug|x64.Build.0 = Debug|x64
		{6811A028-ADA8-44B9-BFE8-D268BB2447AA}.Release|Any CPU.ActiveCfg = Release|Any CPU
		{6811A028-ADA8-44B9-BFE8-D268BB2447AA}.Release|Any CPU.Build.0 = Release|Any CPU
		{6811A028-ADA8-44B9-BFE8-D268BB2447AA}.Release|x64.ActiveCfg = Release|x64
		{6811A028-ADA8-44B9-BFE8-D268BB2447AA}.Release|x64.Build.0 = Release|x64
		{60FE8AA1-AA35-4D97-833C-A2D420E652C5}.Debug|Any CPU.ActiveCfg = Debug|Any CPU
		{60FE8AA1-AA35-4D97-833C-A2D420E652C5}.Debug|Any CPU.Build.0 = Debug|Any CPU
		{60FE8AA1-AA35-4D97-833C-A2D420E652C5}.Debug|x64.ActiveCfg = Debug|x64
		{60FE8AA1-AA35-4D97-833C-A2D420E652C5}.Debug|x64.Build.0 = Debug|x64
		{60FE8AA1-AA35-4D97-833C-A2D420E652C5}.Release|Any CPU.ActiveCfg = Release|Any CPU
		{60FE8AA1-AA35-4D97-833C-A2D420E652C5}.Release|Any CPU.Build.0 = Release|Any CPU
		{60FE8AA1-AA35-4D97-833C-A2D420E652C5}.Release|x64.ActiveCfg = Release|x64
		{60FE8AA1-AA35-4D97-833C-A2D420E652C5}.Release|x64.Build.0 = Release|x64
	EndGlobalSection
	GlobalSection(SolutionProperties) = preSolution
		HideSolutionNode = FALSE
	EndGlobalSection
	GlobalSection(ExtensibilityGlobals) = postSolution
		SolutionGuid = {F564A775-EDAA-488D-8CEF-6852519B7DA2}
	EndGlobalSection
EndGlobal
